// !$*UTF8*$!
{
	archiveVersion = 1;
	classes = {
	};
	objectVersion = 46;
	objects = {

/* Begin PBXBuildFile section */
		8C3DBD531962260100C5116A /* MoreViewController.m in Sources */ = {isa = PBXBuildFile; fileRef = 8C3DBD511962260100C5116A /* MoreViewController.m */; };
		8C3DBD541962260100C5116A /* MoreViewController.xib in Resources */ = {isa = PBXBuildFile; fileRef = 8C3DBD521962260100C5116A /* MoreViewController.xib */; };
		8C62DB7E196138B90068AAF2 /* statusViewController.m in Sources */ = {isa = PBXBuildFile; fileRef = 8C62DB7C196138B90068AAF2 /* statusViewController.m */; };
		8C62DB7F196138B90068AAF2 /* statusViewController.xib in Resources */ = {isa = PBXBuildFile; fileRef = 8C62DB7D196138B90068AAF2 /* statusViewController.xib */; };
		8CA9E2D6195E52B800930C09 /* Foundation.framework in Frameworks */ = {isa = PBXBuildFile; fileRef = 8CA9E2D5195E52B800930C09 /* Foundation.framework */; };
		8CA9E2D8195E52B800930C09 /* CoreGraphics.framework in Frameworks */ = {isa = PBXBuildFile; fileRef = 8CA9E2D7195E52B800930C09 /* CoreGraphics.framework */; };
		8CA9E2DA195E52B800930C09 /* UIKit.framework in Frameworks */ = {isa = PBXBuildFile; fileRef = 8CA9E2D9195E52B800930C09 /* UIKit.framework */; };
		8CA9E2DC195E52B800930C09 /* CoreData.framework in Frameworks */ = {isa = PBXBuildFile; fileRef = 8CA9E2DB195E52B800930C09 /* CoreData.framework */; };
		8CA9E2E2195E52B800930C09 /* InfoPlist.strings in Resources */ = {isa = PBXBuildFile; fileRef = 8CA9E2E0195E52B800930C09 /* InfoPlist.strings */; };
		8CA9E2E4195E52B800930C09 /* main.m in Sources */ = {isa = PBXBuildFile; fileRef = 8CA9E2E3195E52B800930C09 /* main.m */; };
		8CA9E2E8195E52B800930C09 /* AppDelegate.m in Sources */ = {isa = PBXBuildFile; fileRef = 8CA9E2E7195E52B800930C09 /* AppDelegate.m */; };
		8CA9E2EB195E52B800930C09 /* HW2.xcdatamodeld in Sources */ = {isa = PBXBuildFile; fileRef = 8CA9E2E9195E52B800930C09 /* HW2.xcdatamodeld */; };
		8CA9E2ED195E52B800930C09 /* Images.xcassets in Resources */ = {isa = PBXBuildFile; fileRef = 8CA9E2EC195E52B800930C09 /* Images.xcassets */; };
		8CA9E2F4195E52B800930C09 /* XCTest.framework in Frameworks */ = {isa = PBXBuildFile; fileRef = 8CA9E2F3195E52B800930C09 /* XCTest.framework */; };
		8CA9E2F5195E52B800930C09 /* Foundation.framework in Frameworks */ = {isa = PBXBuildFile; fileRef = 8CA9E2D5195E52B800930C09 /* Foundation.framework */; };
		8CA9E2F6195E52B800930C09 /* UIKit.framework in Frameworks */ = {isa = PBXBuildFile; fileRef = 8CA9E2D9195E52B800930C09 /* UIKit.framework */; };
		8CA9E2F7195E52B800930C09 /* CoreData.framework in Frameworks */ = {isa = PBXBuildFile; fileRef = 8CA9E2DB195E52B800930C09 /* CoreData.framework */; };
		8CA9E2FF195E52B800930C09 /* InfoPlist.strings in Resources */ = {isa = PBXBuildFile; fileRef = 8CA9E2FD195E52B800930C09 /* InfoPlist.strings */; };
		8CA9E301195E52B800930C09 /* HW2Tests.m in Sources */ = {isa = PBXBuildFile; fileRef = 8CA9E300195E52B800930C09 /* HW2Tests.m */; };
		8CA9E30D195E52E900930C09 /* MainViewController.m in Sources */ = {isa = PBXBuildFile; fileRef = 8CA9E30B195E52E900930C09 /* MainViewController.m */; };
		8CA9E30E195E52E900930C09 /* MainViewController.xib in Resources */ = {isa = PBXBuildFile; fileRef = 8CA9E30C195E52E900930C09 /* MainViewController.xib */; };
		8CA9E312195E58AD00930C09 /* FeedViewController.m in Sources */ = {isa = PBXBuildFile; fileRef = 8CA9E310195E58AD00930C09 /* FeedViewController.m */; };
		8CA9E313195E58AD00930C09 /* FeedViewController.xib in Resources */ = {isa = PBXBuildFile; fileRef = 8CA9E311195E58AD00930C09 /* FeedViewController.xib */; };
/* End PBXBuildFile section */

/* Begin PBXContainerItemProxy section */
		8CA9E2F8195E52B800930C09 /* PBXContainerItemProxy */ = {
			isa = PBXContainerItemProxy;
			containerPortal = 8CA9E2CA195E52B800930C09 /* Project object */;
			proxyType = 1;
			remoteGlobalIDString = 8CA9E2D1195E52B800930C09;
			remoteInfo = HW2;
		};
/* End PBXContainerItemProxy section */

/* Begin PBXFileReference section */
		8C3DBD501962260100C5116A /* MoreViewController.h */ = {isa = PBXFileReference; fileEncoding = 4; lastKnownFileType = sourcecode.c.h; path = MoreViewController.h; sourceTree = "<group>"; };
		8C3DBD511962260100C5116A /* MoreViewController.m */ = {isa = PBXFileReference; fileEncoding = 4; lastKnownFileType = sourcecode.c.objc; path = MoreViewController.m; sourceTree = "<group>"; };
		8C3DBD521962260100C5116A /* MoreViewController.xib */ = {isa = PBXFileReference; fileEncoding = 4; lastKnownFileType = file.xib; path = MoreViewController.xib; sourceTree = "<group>"; };
		8C62DB7B196138B90068AAF2 /* statusViewController.h */ = {isa = PBXFileReference; fileEncoding = 4; lastKnownFileType = sourcecode.c.h; path = statusViewController.h; sourceTree = "<group>"; };
		8C62DB7C196138B90068AAF2 /* statusViewController.m */ = {isa = PBXFileReference; fileEncoding = 4; lastKnownFileType = sourcecode.c.objc; path = statusViewController.m; sourceTree = "<group>"; };
		8C62DB7D196138B90068AAF2 /* statusViewController.xib */ = {isa = PBXFileReference; fileEncoding = 4; lastKnownFileType = file.xib; path = statusViewController.xib; sourceTree = "<group>"; };
		8CA9E2D2195E52B800930C09 /* HW2.app */ = {isa = PBXFileReference; explicitFileType = wrapper.application; includeInIndex = 0; path = HW2.app; sourceTree = BUILT_PRODUCTS_DIR; };
		8CA9E2D5195E52B800930C09 /* Foundation.framework */ = {isa = PBXFileReference; lastKnownFileType = wrapper.framework; name = Foundation.framework; path = System/Library/Frameworks/Foundation.framework; sourceTree = SDKROOT; };
		8CA9E2D7195E52B800930C09 /* CoreGraphics.framework */ = {isa = PBXFileReference; lastKnownFileType = wrapper.framework; name = CoreGraphics.framework; path = System/Library/Frameworks/CoreGraphics.framework; sourceTree = SDKROOT; };
		8CA9E2D9195E52B800930C09 /* UIKit.framework */ = {isa = PBXFileReference; lastKnownFileType = wrapper.framework; name = UIKit.framework; path = System/Library/Frameworks/UIKit.framework; sourceTree = SDKROOT; };
		8CA9E2DB195E52B800930C09 /* CoreData.framework */ = {isa = PBXFileReference; lastKnownFileType = wrapper.framework; name = CoreData.framework; path = System/Library/Frameworks/CoreData.framework; sourceTree = SDKROOT; };
		8CA9E2DF195E52B800930C09 /* HW2-Info.plist */ = {isa = PBXFileReference; lastKnownFileType = text.plist.xml; path = "HW2-Info.plist"; sourceTree = "<group>"; };
		8CA9E2E1195E52B800930C09 /* en */ = {isa = PBXFileReference; lastKnownFileType = text.plist.strings; name = en; path = en.lproj/InfoPlist.strings; sourceTree = "<group>"; };
		8CA9E2E3195E52B800930C09 /* main.m */ = {isa = PBXFileReference; lastKnownFileType = sourcecode.c.objc; path = main.m; sourceTree = "<group>"; };
		8CA9E2E5195E52B800930C09 /* HW2-Prefix.pch */ = {isa = PBXFileReference; lastKnownFileType = sourcecode.c.h; path = "HW2-Prefix.pch"; sourceTree = "<group>"; };
		8CA9E2E6195E52B800930C09 /* AppDelegate.h */ = {isa = PBXFileReference; lastKnownFileType = sourcecode.c.h; path = AppDelegate.h; sourceTree = "<group>"; };
		8CA9E2E7195E52B800930C09 /* AppDelegate.m */ = {isa = PBXFileReference; lastKnownFileType = sourcecode.c.objc; path = AppDelegate.m; sourceTree = "<group>"; };
		8CA9E2EA195E52B800930C09 /* HW2.xcdatamodel */ = {isa = PBXFileReference; lastKnownFileType = wrapper.xcdatamodel; path = HW2.xcdatamodel; sourceTree = "<group>"; };
		8CA9E2EC195E52B800930C09 /* Images.xcassets */ = {isa = PBXFileReference; lastKnownFileType = folder.assetcatalog; path = Images.xcassets; sourceTree = "<group>"; };
		8CA9E2F2195E52B800930C09 /* HW2Tests.xctest */ = {isa = PBXFileReference; explicitFileType = wrapper.cfbundle; includeInIndex = 0; path = HW2Tests.xctest; sourceTree = BUILT_PRODUCTS_DIR; };
		8CA9E2F3195E52B800930C09 /* XCTest.framework */ = {isa = PBXFileReference; lastKnownFileType = wrapper.framework; name = XCTest.framework; path = Library/Frameworks/XCTest.framework; sourceTree = DEVELOPER_DIR; };
		8CA9E2FC195E52B800930C09 /* HW2Tests-Info.plist */ = {isa = PBXFileReference; lastKnownFileType = text.plist.xml; path = "HW2Tests-Info.plist"; sourceTree = "<group>"; };
		8CA9E2FE195E52B800930C09 /* en */ = {isa = PBXFileReference; lastKnownFileType = text.plist.strings; name = en; path = en.lproj/InfoPlist.strings; sourceTree = "<group>"; };
		8CA9E300195E52B800930C09 /* HW2Tests.m */ = {isa = PBXFileReference; lastKnownFileType = sourcecode.c.objc; path = HW2Tests.m; sourceTree = "<group>"; };
		8CA9E30A195E52E900930C09 /* MainViewController.h */ = {isa = PBXFileReference; fileEncoding = 4; lastKnownFileType = sourcecode.c.h; path = MainViewController.h; sourceTree = "<group>"; };
		8CA9E30B195E52E900930C09 /* MainViewController.m */ = {isa = PBXFileReference; fileEncoding = 4; lastKnownFileType = sourcecode.c.objc; path = MainViewController.m; sourceTree = "<group>"; };
		8CA9E30C195E52E900930C09 /* MainViewController.xib */ = {isa = PBXFileReference; fileEncoding = 4; lastKnownFileType = file.xib; path = MainViewController.xib; sourceTree = "<group>"; };
		8CA9E30F195E58AD00930C09 /* FeedViewController.h */ = {isa = PBXFileReference; fileEncoding = 4; lastKnownFileType = sourcecode.c.h; path = FeedViewController.h; sourceTree = "<group>"; };
		8CA9E310195E58AD00930C09 /* FeedViewController.m */ = {isa = PBXFileReference; fileEncoding = 4; lastKnownFileType = sourcecode.c.objc; path = FeedViewController.m; sourceTree = "<group>"; };
		8CA9E311195E58AD00930C09 /* FeedViewController.xib */ = {isa = PBXFileReference; fileEncoding = 4; lastKnownFileType = file.xib; path = FeedViewController.xib; sourceTree = "<group>"; };
/* End PBXFileReference section */

/* Begin PBXFrameworksBuildPhase section */
		8CA9E2CF195E52B800930C09 /* Frameworks */ = {
			isa = PBXFrameworksBuildPhase;
			buildActionMask = 2147483647;
			files = (
				8CA9E2D8195E52B800930C09 /* CoreGraphics.framework in Frameworks */,
				8CA9E2DC195E52B800930C09 /* CoreData.framework in Frameworks */,
				8CA9E2DA195E52B800930C09 /* UIKit.framework in Frameworks */,
				8CA9E2D6195E52B800930C09 /* Foundation.framework in Frameworks */,
			);
			runOnlyForDeploymentPostprocessing = 0;
		};
		8CA9E2EF195E52B800930C09 /* Frameworks */ = {
			isa = PBXFrameworksBuildPhase;
			buildActionMask = 2147483647;
			files = (
				8CA9E2F4195E52B800930C09 /* XCTest.framework in Frameworks */,
				8CA9E2F7195E52B800930C09 /* CoreData.framework in Frameworks */,
				8CA9E2F6195E52B800930C09 /* UIKit.framework in Frameworks */,
				8CA9E2F5195E52B800930C09 /* Foundation.framework in Frameworks */,
			);
			runOnlyForDeploymentPostprocessing = 0;
		};
/* End PBXFrameworksBuildPhase section */

/* Begin PBXGroup section */
		8CA9E2C9195E52B800930C09 = {
			isa = PBXGroup;
			children = (
				8CA9E2DD195E52B800930C09 /* HW2 */,
				8CA9E2FA195E52B800930C09 /* HW2Tests */,
				8CA9E2D4195E52B800930C09 /* Frameworks */,
				8CA9E2D3195E52B800930C09 /* Products */,
			);
			sourceTree = "<group>";
		};
		8CA9E2D3195E52B800930C09 /* Products */ = {
			isa = PBXGroup;
			children = (
				8CA9E2D2195E52B800930C09 /* HW2.app */,
				8CA9E2F2195E52B800930C09 /* HW2Tests.xctest */,
			);
			name = Products;
			sourceTree = "<group>";
		};
		8CA9E2D4195E52B800930C09 /* Frameworks */ = {
			isa = PBXGroup;
			children = (
				8CA9E2D5195E52B800930C09 /* Foundation.framework */,
				8CA9E2D7195E52B800930C09 /* CoreGraphics.framework */,
				8CA9E2D9195E52B800930C09 /* UIKit.framework */,
				8CA9E2DB195E52B800930C09 /* CoreData.framework */,
				8CA9E2F3195E52B800930C09 /* XCTest.framework */,
			);
			name = Frameworks;
			sourceTree = "<group>";
		};
		8CA9E2DD195E52B800930C09 /* HW2 */ = {
			isa = PBXGroup;
			children = (
				8CA9E2E6195E52B800930C09 /* AppDelegate.h */,
				8CA9E2E7195E52B800930C09 /* AppDelegate.m */,
				8CA9E2EC195E52B800930C09 /* Images.xcassets */,
				8CA9E2E9195E52B800930C09 /* HW2.xcdatamodeld */,
				8CA9E2DE195E52B800930C09 /* Supporting Files */,
				8CA9E30A195E52E900930C09 /* MainViewController.h */,
				8CA9E30B195E52E900930C09 /* MainViewController.m */,
				8CA9E30C195E52E900930C09 /* MainViewController.xib */,
				8CA9E30F195E58AD00930C09 /* FeedViewController.h */,
				8CA9E310195E58AD00930C09 /* FeedViewController.m */,
				8CA9E311195E58AD00930C09 /* FeedViewController.xib */,
				8C62DB7B196138B90068AAF2 /* statusViewController.h */,
				8C62DB7C196138B90068AAF2 /* statusViewController.m */,
				8C62DB7D196138B90068AAF2 /* statusViewController.xib */,
				8C3DBD501962260100C5116A /* MoreViewController.h */,
				8C3DBD511962260100C5116A /* MoreViewController.m */,
				8C3DBD521962260100C5116A /* MoreViewController.xib */,
			);
			path = HW2;
			sourceTree = "<group>";
		};
		8CA9E2DE195E52B800930C09 /* Supporting Files */ = {
			isa = PBXGroup;
			children = (
				8CA9E2DF195E52B800930C09 /* HW2-Info.plist */,
				8CA9E2E0195E52B800930C09 /* InfoPlist.strings */,
				8CA9E2E3195E52B800930C09 /* main.m */,
				8CA9E2E5195E52B800930C09 /* HW2-Prefix.pch */,
			);
			name = "Supporting Files";
			sourceTree = "<group>";
		};
		8CA9E2FA195E52B800930C09 /* HW2Tests */ = {
			isa = PBXGroup;
			children = (
				8CA9E300195E52B800930C09 /* HW2Tests.m */,
				8CA9E2FB195E52B800930C09 /* Supporting Files */,
			);
			path = HW2Tests;
			sourceTree = "<group>";
		};
		8CA9E2FB195E52B800930C09 /* Supporting Files */ = {
			isa = PBXGroup;
			children = (
				8CA9E2FC195E52B800930C09 /* HW2Tests-Info.plist */,
				8CA9E2FD195E52B800930C09 /* InfoPlist.strings */,
			);
			name = "Supporting Files";
			sourceTree = "<group>";
		};
/* End PBXGroup section */

/* Begin PBXNativeTarget section */
		8CA9E2D1195E52B800930C09 /* HW2 */ = {
			isa = PBXNativeTarget;
			buildConfigurationList = 8CA9E304195E52B800930C09 /* Build configuration list for PBXNativeTarget "HW2" */;
			buildPhases = (
				8CA9E2CE195E52B800930C09 /* Sources */,
				8CA9E2CF195E52B800930C09 /* Frameworks */,
				8CA9E2D0195E52B800930C09 /* Resources */,
			);
			buildRules = (
			);
			dependencies = (
			);
			name = HW2;
			productName = HW2;
			productReference = 8CA9E2D2195E52B800930C09 /* HW2.app */;
			productType = "com.apple.product-type.application";
		};
		8CA9E2F1195E52B800930C09 /* HW2Tests */ = {
			isa = PBXNativeTarget;
			buildConfigurationList = 8CA9E307195E52B800930C09 /* Build configuration list for PBXNativeTarget "HW2Tests" */;
			buildPhases = (
				8CA9E2EE195E52B800930C09 /* Sources */,
				8CA9E2EF195E52B800930C09 /* Frameworks */,
				8CA9E2F0195E52B800930C09 /* Resources */,
			);
			buildRules = (
			);
			dependencies = (
				8CA9E2F9195E52B800930C09 /* PBXTargetDependency */,
			);
			name = HW2Tests;
			productName = HW2Tests;
			productReference = 8CA9E2F2195E52B800930C09 /* HW2Tests.xctest */;
			productType = "com.apple.product-type.bundle.unit-test";
		};
/* End PBXNativeTarget section */

/* Begin PBXProject section */
		8CA9E2CA195E52B800930C09 /* Project object */ = {
			isa = PBXProject;
			attributes = {
				LastUpgradeCheck = 0510;
				ORGANIZATIONNAME = kansinee;
				TargetAttributes = {
					8CA9E2F1195E52B800930C09 = {
						TestTargetID = 8CA9E2D1195E52B800930C09;
					};
				};
			};
			buildConfigurationList = 8CA9E2CD195E52B800930C09 /* Build configuration list for PBXProject "HW2" */;
			compatibilityVersion = "Xcode 3.2";
			developmentRegion = English;
			hasScannedForEncodings = 0;
			knownRegions = (
				en,
			);
			mainGroup = 8CA9E2C9195E52B800930C09;
			productRefGroup = 8CA9E2D3195E52B800930C09 /* Products */;
			projectDirPath = "";
			projectRoot = "";
			targets = (
				8CA9E2D1195E52B800930C09 /* HW2 */,
				8CA9E2F1195E52B800930C09 /* HW2Tests */,
			);
		};
/* End PBXProject section */

/* Begin PBXResourcesBuildPhase section */
		8CA9E2D0195E52B800930C09 /* Resources */ = {
			isa = PBXResourcesBuildPhase;
			buildActionMask = 2147483647;
			files = (
				8CA9E2E2195E52B800930C09 /* InfoPlist.strings in Resources */,
				8C3DBD541962260100C5116A /* MoreViewController.xib in Resources */,
				8C62DB7F196138B90068AAF2 /* statusViewController.xib in Resources */,
				8CA9E30E195E52E900930C09 /* MainViewController.xib in Resources */,
				8CA9E313195E58AD00930C09 /* FeedViewController.xib in Resources */,
				8CA9E2ED195E52B800930C09 /* Images.xcassets in Resources */,
			);
			runOnlyForDeploymentPostprocessing = 0;
		};
		8CA9E2F0195E52B800930C09 /* Resources */ = {
			isa = PBXResourcesBuildPhase;
			buildActionMask = 2147483647;
			files = (
				8CA9E2FF195E52B800930C09 /* InfoPlist.strings in Resources */,
			);
			runOnlyForDeploymentPostprocessing = 0;
		};
/* End PBXResourcesBuildPhase section */

/* Begin PBXSourcesBuildPhase section */
		8CA9E2CE195E52B800930C09 /* Sources */ = {
			isa = PBXSourcesBuildPhase;
			buildActionMask = 2147483647;
			files = (
				8CA9E2EB195E52B800930C09 /* HW2.xcdatamodeld in Sources */,
				8CA9E312195E58AD00930C09 /* FeedViewController.m in Sources */,
				8CA9E2E8195E52B800930C09 /* AppDelegate.m in Sources */,
				8CA9E2E4195E52B800930C09 /* main.m in Sources */,
				8C62DB7E196138B90068AAF2 /* statusViewController.m in Sources */,
				8C3DBD531962260100C5116A /* MoreViewController.m in Sources */,
				8CA9E30D195E52E900930C09 /* MainViewController.m in Sources */,
			);
			runOnlyForDeploymentPostprocessing = 0;
		};
		8CA9E2EE195E52B800930C09 /* Sources */ = {
			isa = PBXSourcesBuildPhase;
			buildActionMask = 2147483647;
			files = (
				8CA9E301195E52B800930C09 /* HW2Tests.m in Sources */,
			);
			runOnlyForDeploymentPostprocessing = 0;
		};
/* End PBXSourcesBuildPhase section */

/* Begin PBXTargetDependency section */
		8CA9E2F9195E52B800930C09 /* PBXTargetDependency */ = {
			isa = PBXTargetDependency;
			target = 8CA9E2D1195E52B800930C09 /* HW2 */;
			targetProxy = 8CA9E2F8195E52B800930C09 /* PBXContainerItemProxy */;
		};
/* End PBXTargetDependency section */

/* Begin PBXVariantGroup section */
		8CA9E2E0195E52B800930C09 /* InfoPlist.strings */ = {
			isa = PBXVariantGroup;
			children = (
				8CA9E2E1195E52B800930C09 /* en */,
			);
			name = InfoPlist.strings;
			sourceTree = "<group>";
		};
		8CA9E2FD195E52B800930C09 /* InfoPlist.strings */ = {
			isa = PBXVariantGroup;
			children = (
				8CA9E2FE195E52B800930C09 /* en */,
			);
			name = InfoPlist.strings;
			sourceTree = "<group>";
		};
/* End PBXVariantGroup section */

/* Begin XCBuildConfiguration section */
		8CA9E302195E52B800930C09 /* Debug */ = {
			isa = XCBuildConfiguration;
			buildSettings = {
				ALWAYS_SEARCH_USER_PATHS = NO;
				CLANG_CXX_LANGUAGE_STANDARD = "gnu++0x";
				CLANG_CXX_LIBRARY = "libc++";
				CLANG_ENABLE_MODULES = YES;
				CLANG_ENABLE_OBJC_ARC = YES;
				CLANG_WARN_BOOL_CONVERSION = YES;
				CLANG_WARN_CONSTANT_CONVERSION = YES;
				CLANG_WARN_DIRECT_OBJC_ISA_USAGE = YES_ERROR;
				CLANG_WARN_EMPTY_BODY = YES;
				CLANG_WARN_ENUM_CONVERSION = YES;
				CLANG_WARN_INT_CONVERSION = YES;
				CLANG_WARN_OBJC_ROOT_CLASS = YES_ERROR;
				CLANG_WARN__DUPLICATE_METHOD_MATCH = YES;
				"CODE_SIGN_IDENTITY[sdk=iphoneos*]" = "iPhone Developer";
				COPY_PHASE_STRIP = NO;
				GCC_C_LANGUAGE_STANDARD = gnu99;
				GCC_DYNAMIC_NO_PIC = NO;
				GCC_OPTIMIZATION_LEVEL = 0;
				GCC_PREPROCESSOR_DEFINITIONS = (
					"DEBUG=1",
					"$(inherited)",
				);
				GCC_SYMBOLS_PRIVATE_EXTERN = NO;
				GCC_WARN_64_TO_32_BIT_CONVERSION = YES;
				GCC_WARN_ABOUT_RETURN_TYPE = YES_ERROR;
				GCC_WARN_UNDECLARED_SELECTOR = YES;
				GCC_WARN_UNINITIALIZED_AUTOS = YES_AGGRESSIVE;
				GCC_WARN_UNUSED_FUNCTION = YES;
				GCC_WARN_UNUSED_VARIABLE = YES;
				IPHONEOS_DEPLOYMENT_TARGET = 7.1;
				ONLY_ACTIVE_ARCH = YES;
				SDKROOT = iphoneos;
			};
			name = Debug;
		};
		8CA9E303195E52B800930C09 /* Release */ = {
			isa = XCBuildConfiguration;
			buildSettings = {
				ALWAYS_SEARCH_USER_PATHS = NO;
				CLANG_CXX_LANGUAGE_STANDARD = "gnu++0x";
				CLANG_CXX_LIBRARY = "libc++";
				CLANG_ENABLE_MODULES = YES;
				CLANG_ENABLE_OBJC_ARC = YES;
				CLANG_WARN_BOOL_CONVERSION = YES;
				CLANG_WARN_CONSTANT_CONVERSION = YES;
				CLANG_WARN_DIRECT_OBJC_ISA_USAGE = YES_ERROR;
				CLANG_WARN_EMPTY_BODY = YES;
				CLANG_WARN_ENUM_CONVERSION = YES;
				CLANG_WARN_INT_CONVERSION = YES;
				CLANG_WARN_OBJC_ROOT_CLASS = YES_ERROR;
				CLANG_WARN__DUPLICATE_METHOD_MATCH = YES;
				"CODE_SIGN_IDENTITY[sdk=iphoneos*]" = "iPhone Developer";
				COPY_PHASE_STRIP = YES;
				ENABLE_NS_ASSERTIONS = NO;
				GCC_C_LANGUAGE_STANDARD = gnu99;
				GCC_WARN_64_TO_32_BIT_CONVERSION = YES;
				GCC_WARN_ABOUT_RETURN_TYPE = YES_ERROR;
				GCC_WARN_UNDECLARED_SELECTOR = YES;
				GCC_WARN_UNINITIALIZED_AUTOS = YES_AGGRESSIVE;
				GCC_WARN_UNUSED_FUNCTION = YES;
				GCC_WARN_UNUSED_VARIABLE = YES;
				IPHONEOS_DEPLOYMENT_TARGET = 7.1;
				SDKROOT = iphoneos;
				VALIDATE_PRODUCT = YES;
			};
			name = Release;
		};
		8CA9E305195E52B800930C09 /* Debug */ = {
			isa = XCBuildConfiguration;
			buildSettings = {
				ASSETCATALOG_COMPILER_APPICON_NAME = AppIcon;
				ASSETCATALOG_COMPILER_LAUNCHIMAGE_NAME = LaunchImage;
				GCC_PRECOMPILE_PREFIX_HEADER = YES;
				GCC_PREFIX_HEADER = "HW2/HW2-Prefix.pch";
				INFOPLIST_FILE = "HW2/HW2-Info.plist";
				PRODUCT_NAME = "$(TARGET_NAME)";
				WRAPPER_EXTENSION = app;
			};
			name = Debug;
		};
		8CA9E306195E52B800930C09 /* Release */ = {
			isa = XCBuildConfiguration;
			buildSettings = {
				ASSETCATALOG_COMPILER_APPICON_NAME = AppIcon;
				ASSETCATALOG_COMPILER_LAUNCHIMAGE_NAME = LaunchImage;
				GCC_PRECOMPILE_PREFIX_HEADER = YES;
				GCC_PREFIX_HEADER = "HW2/HW2-Prefix.pch";
				INFOPLIST_FILE = "HW2/HW2-Info.plist";
				PRODUCT_NAME = "$(TARGET_NAME)";
				WRAPPER_EXTENSION = app;
			};
			name = Release;
		};
		8CA9E308195E52B800930C09 /* Debug */ = {
			isa = XCBuildConfiguration;
			buildSettings = {
				BUNDLE_LOADER = "$(BUILT_PRODUCTS_DIR)/HW2.app/HW2";
				FRAMEWORK_SEARCH_PATHS = (
					"$(SDKROOT)/Developer/Library/Frameworks",
					"$(inherited)",
					"$(DEVELOPER_FRAMEWORKS_DIR)",
				);
				GCC_PRECOMPILE_PREFIX_HEADER = YES;
				GCC_PREFIX_HEADER = "HW2/HW2-Prefix.pch";
				GCC_PREPROCESSOR_DEFINITIONS = (
					"DEBUG=1",
					"$(inherited)",
				);
				INFOPLIST_FILE = "HW2Tests/HW2Tests-Info.plist";
				PRODUCT_NAME = "$(TARGET_NAME)";
				TEST_HOST = "$(BUNDLE_LOADER)";
				WRAPPER_EXTENSION = xctest;
			};
			name = Debug;
		};
		8CA9E309195E52B800930C09 /* Release */ = {
			isa = XCBuildConfiguration;
			buildSettings = {
				BUNDLE_LOADER = "$(BUILT_PRODUCTS_DIR)/HW2.app/HW2";
				FRAMEWORK_SEARCH_PATHS = (
					"$(SDKROOT)/Developer/Library/Frameworks",
					"$(inherited)",
					"$(DEVELOPER_FRAMEWORKS_DIR)",
				);
				GCC_PRECOMPILE_PREFIX_HEADER = YES;
				GCC_PREFIX_HEADER = "HW2/HW2-Prefix.pch";
				INFOPLIST_FILE = "HW2Tests/HW2Tests-Info.plist";
				PRODUCT_NAME = "$(TARGET_NAME)";
				TEST_HOST = "$(BUNDLE_LOADER)";
				WRAPPER_EXTENSION = xctest;
			};
			name = Release;
		};
/* End XCBuildConfiguration section */

/* Begin XCConfigurationList section */
		8CA9E2CD195E52B800930C09 /* Build configuration list for PBXProject "HW2" */ = {
			isa = XCConfigurationList;
			buildConfigurations = (
				8CA9E302195E52B800930C09 /* Debug */,
				8CA9E303195E52B800930C09 /* Release */,
			);
			defaultConfigurationIsVisible = 0;
			defaultConfigurationName = Release;
		};
		8CA9E304195E52B800930C09 /* Build configuration list for PBXNativeTarget "HW2" */ = {
			isa = XCConfigurationList;
			buildConfigurations = (
				8CA9E305195E52B800930C09 /* Debug */,
				8CA9E306195E52B800930C09 /* Release */,
			);
			defaultConfigurationIsVisible = 0;
			defaultConfigurationName = Release;
		};
		8CA9E307195E52B800930C09 /* Build configuration list for PBXNativeTarget "HW2Tests" */ = {
			isa = XCConfigurationList;
			buildConfigurations = (
				8CA9E308195E52B800930C09 /* Debug */,
				8CA9E309195E52B800930C09 /* Release */,
			);
			defaultConfigurationIsVisible = 0;
			defaultConfigurationName = Release;
		};
/* End XCConfigurationList section */

/* Begin XCVersionGroup section */
		8CA9E2E9195E52B800930C09 /* HW2.xcdatamodeld */ = {
			isa = XCVersionGroup;
			children = (
				8CA9E2EA195E52B800930C09 /* HW2.xcdatamodel */,
			);
			currentVersion = 8CA9E2EA195E52B800930C09 /* HW2.xcdatamodel */;
			path = HW2.xcdatamodeld;
			sourceTree = "<group>";
			versionGroupType = wrapper.xcdatamodel;
		};
/* End XCVersionGroup section */
	};
	rootObject = 8CA9E2CA195E52B800930C09 /* Project object */;
}
